// !$*UTF8*$!
{
	archiveVersion = 1;
	classes = {
	};
	objectVersion = 50;
	objects = {

/* Begin PBXBuildFile section */
		82067BD526133F4500752B14 /* InfoViewController.swift in Sources */ = {isa = PBXBuildFile; fileRef = 82067BD426133F4500752B14 /* InfoViewController.swift */; };
		82067BDA2613663D00752B14 /* CustomTableViewCell.swift in Sources */ = {isa = PBXBuildFile; fileRef = 82067BD82613663D00752B14 /* CustomTableViewCell.swift */; };
		82067BDB2613663D00752B14 /* CustomTableViewCell.xib in Resources */ = {isa = PBXBuildFile; fileRef = 82067BD92613663D00752B14 /* CustomTableViewCell.xib */; };
		8236E0AA25F2F47000BA77BC /* EnterClinicalDataViewController.swift in Sources */ = {isa = PBXBuildFile; fileRef = 8236E0A925F2F47000BA77BC /* EnterClinicalDataViewController.swift */; };
		8236E0AD25F2F48C00BA77BC /* UploadXrayImageViewController.swift in Sources */ = {isa = PBXBuildFile; fileRef = 8236E0AC25F2F48C00BA77BC /* UploadXrayImageViewController.swift */; };
		82597F6E25EB90AD00941013 /* AppDelegate.swift in Sources */ = {isa = PBXBuildFile; fileRef = 82597F6D25EB90AD00941013 /* AppDelegate.swift */; };
		82597F7025EB90AD00941013 /* SceneDelegate.swift in Sources */ = {isa = PBXBuildFile; fileRef = 82597F6F25EB90AD00941013 /* SceneDelegate.swift */; };
		82597F7225EB90AD00941013 /* ViewController.swift in Sources */ = {isa = PBXBuildFile; fileRef = 82597F7125EB90AD00941013 /* ViewController.swift */; };
		82597F7525EB90AD00941013 /* Main.storyboard in Resources */ = {isa = PBXBuildFile; fileRef = 82597F7325EB90AD00941013 /* Main.storyboard */; };
		82597F7725EB90AD00941013 /* Assets.xcassets in Resources */ = {isa = PBXBuildFile; fileRef = 82597F7625EB90AD00941013 /* Assets.xcassets */; };
		82597F7A25EB90AD00941013 /* LaunchScreen.storyboard in Resources */ = {isa = PBXBuildFile; fileRef = 82597F7825EB90AD00941013 /* LaunchScreen.storyboard */; };
		82E78A8926123F88001143D9 /* COVIDNetV1.mlmodel in Sources */ = {isa = PBXBuildFile; fileRef = 82E78A8826123F88001143D9 /* COVIDNetV1.mlmodel */; };
		82E78A8C26123FBA001143D9 /* ResultViewController.swift in Sources */ = {isa = PBXBuildFile; fileRef = 82E78A8B26123FBA001143D9 /* ResultViewController.swift */; };
		82E78A8F26130CD7001143D9 /* COVIDNetV2.mlmodel in Sources */ = {isa = PBXBuildFile; fileRef = 82E78A8E26130CD7001143D9 /* COVIDNetV2.mlmodel */; };
		82E78A9226130E14001143D9 /* Negative Sample.jpg in Resources */ = {isa = PBXBuildFile; fileRef = 82E78A9126130E14001143D9 /* Negative Sample.jpg */; };
		82E78A952613186F001143D9 /* Positive Sample.jpeg in Resources */ = {isa = PBXBuildFile; fileRef = 82E78A942613186F001143D9 /* Positive Sample.jpeg */; };
/* End PBXBuildFile section */

/* Begin PBXFileReference section */
		82067BD426133F4500752B14 /* InfoViewController.swift */ = {isa = PBXFileReference; lastKnownFileType = sourcecode.swift; path = InfoViewController.swift; sourceTree = "<group>"; };
		82067BD82613663D00752B14 /* CustomTableViewCell.swift */ = {isa = PBXFileReference; lastKnownFileType = sourcecode.swift; path = CustomTableViewCell.swift; sourceTree = "<group>"; };
		82067BD92613663D00752B14 /* CustomTableViewCell.xib */ = {isa = PBXFileReference; lastKnownFileType = file.xib; path = CustomTableViewCell.xib; sourceTree = "<group>"; };
		8236E0A925F2F47000BA77BC /* EnterClinicalDataViewController.swift */ = {isa = PBXFileReference; lastKnownFileType = sourcecode.swift; path = EnterClinicalDataViewController.swift; sourceTree = "<group>"; };
		8236E0AC25F2F48C00BA77BC /* UploadXrayImageViewController.swift */ = {isa = PBXFileReference; lastKnownFileType = sourcecode.swift; path = UploadXrayImageViewController.swift; sourceTree = "<group>"; };
		82597F6A25EB90AC00941013 /* COVIDector.app */ = {isa = PBXFileReference; explicitFileType = wrapper.application; includeInIndex = 0; path = COVIDector.app; sourceTree = BUILT_PRODUCTS_DIR; };
		82597F6D25EB90AD00941013 /* AppDelegate.swift */ = {isa = PBXFileReference; lastKnownFileType = sourcecode.swift; path = AppDelegate.swift; sourceTree = "<group>"; };
		82597F6F25EB90AD00941013 /* SceneDelegate.swift */ = {isa = PBXFileReference; lastKnownFileType = sourcecode.swift; path = SceneDelegate.swift; sourceTree = "<group>"; };
		82597F7125EB90AD00941013 /* ViewController.swift */ = {isa = PBXFileReference; lastKnownFileType = sourcecode.swift; path = ViewController.swift; sourceTree = "<group>"; };
		82597F7425EB90AD00941013 /* Base */ = {isa = PBXFileReference; lastKnownFileType = file.storyboard; name = Base; path = Base.lproj/Main.storyboard; sourceTree = "<group>"; };
		82597F7625EB90AD00941013 /* Assets.xcassets */ = {isa = PBXFileReference; lastKnownFileType = folder.assetcatalog; path = Assets.xcassets; sourceTree = "<group>"; };
		82597F7925EB90AD00941013 /* Base */ = {isa = PBXFileReference; lastKnownFileType = file.storyboard; name = Base; path = Base.lproj/LaunchScreen.storyboard; sourceTree = "<group>"; };
		82597F7B25EB90AD00941013 /* Info.plist */ = {isa = PBXFileReference; lastKnownFileType = text.plist.xml; path = Info.plist; sourceTree = "<group>"; };
		82E78A8826123F88001143D9 /* COVIDNetV1.mlmodel */ = {isa = PBXFileReference; lastKnownFileType = file.mlmodel; path = COVIDNetV1.mlmodel; sourceTree = "<group>"; };
		82E78A8B26123FBA001143D9 /* ResultViewController.swift */ = {isa = PBXFileReference; lastKnownFileType = sourcecode.swift; path = ResultViewController.swift; sourceTree = "<group>"; };
		82E78A8E26130CD7001143D9 /* COVIDNetV2.mlmodel */ = {isa = PBXFileReference; lastKnownFileType = file.mlmodel; path = COVIDNetV2.mlmodel; sourceTree = "<group>"; };
		82E78A9126130E14001143D9 /* Negative Sample.jpg */ = {isa = PBXFileReference; lastKnownFileType = image.jpeg; path = "Negative Sample.jpg"; sourceTree = "<group>"; };
		82E78A942613186F001143D9 /* Positive Sample.jpeg */ = {isa = PBXFileReference; lastKnownFileType = image.jpeg; path = "Positive Sample.jpeg"; sourceTree = "<group>"; };
/* End PBXFileReference section */

/* Begin PBXFrameworksBuildPhase section */
		82597F6725EB90AC00941013 /* Frameworks */ = {
			isa = PBXFrameworksBuildPhase;
			buildActionMask = 2147483647;
			files = (
			);
			runOnlyForDeploymentPostprocessing = 0;
		};
/* End PBXFrameworksBuildPhase section */

/* Begin PBXGroup section */
		82067BDD2613665700752B14 /* Custom Table View Cell */ = {
			isa = PBXGroup;
			children = (
				82067BD82613663D00752B14 /* CustomTableViewCell.swift */,
				82067BD92613663D00752B14 /* CustomTableViewCell.xib */,
			);
			path = "Custom Table View Cell";
			sourceTree = "<group>";
		};
		8236E0AF25F2F49900BA77BC /* View Controllers */ = {
			isa = PBXGroup;
			children = (
				82597F7125EB90AD00941013 /* ViewController.swift */,
				8236E0A925F2F47000BA77BC /* EnterClinicalDataViewController.swift */,
				8236E0AC25F2F48C00BA77BC /* UploadXrayImageViewController.swift */,
				82E78A8B26123FBA001143D9 /* ResultViewController.swift */,
				82067BD426133F4500752B14 /* InfoViewController.swift */,
			);
			path = "View Controllers";
			sourceTree = "<group>";
		};
		82597F6125EB90AC00941013 = {
			isa = PBXGroup;
			children = (
				82067BDD2613665700752B14 /* Custom Table View Cell */,
				82597F6C25EB90AC00941013 /* COVIDector */,
				82597F6B25EB90AC00941013 /* Products */,
			);
			sourceTree = "<group>";
		};
		82597F6B25EB90AC00941013 /* Products */ = {
			isa = PBXGroup;
			children = (
				82597F6A25EB90AC00941013 /* COVIDector.app */,
			);
			name = Products;
			sourceTree = "<group>";
		};
		82597F6C25EB90AC00941013 /* COVIDector */ = {
			isa = PBXGroup;
			children = (
				82597F6D25EB90AD00941013 /* AppDelegate.swift */,
				82597F6F25EB90AD00941013 /* SceneDelegate.swift */,
				82E78A9B2613205C001143D9 /* Models */,
				82E78A9926132045001143D9 /* Test Images */,
				8236E0AF25F2F49900BA77BC /* View Controllers */,
				82597F7325EB90AD00941013 /* Main.storyboard */,
				82597F7625EB90AD00941013 /* Assets.xcassets */,
				82597F7825EB90AD00941013 /* LaunchScreen.storyboard */,
				82597F7B25EB90AD00941013 /* Info.plist */,
			);
			path = COVIDector;
			sourceTree = "<group>";
		};
		82E78A9926132045001143D9 /* Test Images */ = {
			isa = PBXGroup;
			children = (
				82E78A942613186F001143D9 /* Positive Sample.jpeg */,
				82E78A9126130E14001143D9 /* Negative Sample.jpg */,
			);
			path = "Test Images";
			sourceTree = "<group>";
		};
		82E78A9B2613205C001143D9 /* Models */ = {
			isa = PBXGroup;
			children = (
				82E78A8826123F88001143D9 /* COVIDNetV1.mlmodel */,
				82E78A8E26130CD7001143D9 /* COVIDNetV2.mlmodel */,
			);
			path = Models;
			sourceTree = "<group>";
		};
/* End PBXGroup section */

/* Begin PBXNativeTarget section */
		82597F6925EB90AC00941013 /* COVIDector */ = {
			isa = PBXNativeTarget;
			buildConfigurationList = 82597F7E25EB90AD00941013 /* Build configuration list for PBXNativeTarget "COVIDector" */;
			buildPhases = (
				82597F6625EB90AC00941013 /* Sources */,
				82597F6725EB90AC00941013 /* Frameworks */,
				82597F6825EB90AC00941013 /* Resources */,
			);
			buildRules = (
			);
			dependencies = (
			);
			name = COVIDector;
			productName = COVIDector;
			productReference = 82597F6A25EB90AC00941013 /* COVIDector.app */;
			productType = "com.apple.product-type.application";
		};
/* End PBXNativeTarget section */

/* Begin PBXProject section */
		82597F6225EB90AC00941013 /* Project object */ = {
			isa = PBXProject;
			attributes = {
				LastSwiftUpdateCheck = 1240;
				LastUpgradeCheck = 1240;
				TargetAttributes = {
					82597F6925EB90AC00941013 = {
						CreatedOnToolsVersion = 12.4;
					};
				};
			};
			buildConfigurationList = 82597F6525EB90AC00941013 /* Build configuration list for PBXProject "COVIDector" */;
			compatibilityVersion = "Xcode 9.3";
			developmentRegion = en;
			hasScannedForEncodings = 0;
			knownRegions = (
				en,
				Base,
			);
			mainGroup = 82597F6125EB90AC00941013;
			productRefGroup = 82597F6B25EB90AC00941013 /* Products */;
			projectDirPath = "";
			projectRoot = "";
			targets = (
				82597F6925EB90AC00941013 /* COVIDector */,
			);
		};
/* End PBXProject section */

/* Begin PBXResourcesBuildPhase section */
		82597F6825EB90AC00941013 /* Resources */ = {
			isa = PBXResourcesBuildPhase;
			buildActionMask = 2147483647;
			files = (
				82E78A952613186F001143D9 /* Positive Sample.jpeg in Resources */,
				82597F7A25EB90AD00941013 /* LaunchScreen.storyboard in Resources */,
				82067BDB2613663D00752B14 /* CustomTableViewCell.xib in Resources */,
				82E78A9226130E14001143D9 /* Negative Sample.jpg in Resources */,
				82597F7725EB90AD00941013 /* Assets.xcassets in Resources */,
				82597F7525EB90AD00941013 /* Main.storyboard in Resources */,
			);
			runOnlyForDeploymentPostprocessing = 0;
		};
/* End PBXResourcesBuildPhase section */

/* Begin PBXSourcesBuildPhase section */
		82597F6625EB90AC00941013 /* Sources */ = {
			isa = PBXSourcesBuildPhase;
			buildActionMask = 2147483647;
			files = (
				82597F7225EB90AD00941013 /* ViewController.swift in Sources */,
				8236E0AD25F2F48C00BA77BC /* UploadXrayImageViewController.swift in Sources */,
				82E78A8C26123FBA001143D9 /* ResultViewController.swift in Sources */,
				82597F6E25EB90AD00941013 /* AppDelegate.swift in Sources */,
				82067BD526133F4500752B14 /* InfoViewController.swift in Sources */,
				82E78A8926123F88001143D9 /* COVIDNetV1.mlmodel in Sources */,
				82067BDA2613663D00752B14 /* CustomTableViewCell.swift in Sources */,
				8236E0AA25F2F47000BA77BC /* EnterClinicalDataViewController.swift in Sources */,
				82E78A8F26130CD7001143D9 /* COVIDNetV2.mlmodel in Sources */,
				82597F7025EB90AD00941013 /* SceneDelegate.swift in Sources */,
			);
			runOnlyForDeploymentPostprocessing = 0;
		};
/* End PBXSourcesBuildPhase section */

/* Begin PBXVariantGroup section */
		82597F7325EB90AD00941013 /* Main.storyboard */ = {
			isa = PBXVariantGroup;
			children = (
				82597F7425EB90AD00941013 /* Base */,
			);
			name = Main.storyboard;
			sourceTree = "<group>";
		};
		82597F7825EB90AD00941013 /* LaunchScreen.storyboard */ = {
			isa = PBXVariantGroup;
			children = (
				82597F7925EB90AD00941013 /* Base */,
			);
			name = LaunchScreen.storyboard;
			sourceTree = "<group>";
		};
/* End PBXVariantGroup section */

/* Begin XCBuildConfiguration section */
		82597F7C25EB90AD00941013 /* Debug */ = {
			isa = XCBuildConfiguration;
			buildSettings = {
				ALWAYS_SEARCH_USER_PATHS = NO;
				CLANG_ANALYZER_NONNULL = YES;
				CLANG_ANALYZER_NUMBER_OBJECT_CONVERSION = YES_AGGRESSIVE;
				CLANG_CXX_LANGUAGE_STANDARD = "gnu++14";
				CLANG_CXX_LIBRARY = "libc++";
				CLANG_ENABLE_MODULES = YES;
				CLANG_ENABLE_OBJC_ARC = YES;
				CLANG_ENABLE_OBJC_WEAK = YES;
				CLANG_WARN_BLOCK_CAPTURE_AUTORELEASING = YES;
				CLANG_WARN_BOOL_CONVERSION = YES;
				CLANG_WARN_COMMA = YES;
				CLANG_WARN_CONSTANT_CONVERSION = YES;
				CLANG_WARN_DEPRECATED_OBJC_IMPLEMENTATIONS = YES;
				CLANG_WARN_DIRECT_OBJC_ISA_USAGE = YES_ERROR;
				CLANG_WARN_DOCUMENTATION_COMMENTS = YES;
				CLANG_WARN_EMPTY_BODY = YES;
				CLANG_WARN_ENUM_CONVERSION = YES;
				CLANG_WARN_INFINITE_RECURSION = YES;
				CLANG_WARN_INT_CONVERSION = YES;
				CLANG_WARN_NON_LITERAL_NULL_CONVERSION = YES;
				CLANG_WARN_OBJC_IMPLICIT_RETAIN_SELF = YES;
				CLANG_WARN_OBJC_LITERAL_CONVERSION = YES;
				CLANG_WARN_OBJC_ROOT_CLASS = YES_ERROR;
				CLANG_WARN_QUOTED_INCLUDE_IN_FRAMEWORK_HEADER = YES;
				CLANG_WARN_RANGE_LOOP_ANALYSIS = YES;
				CLANG_WARN_STRICT_PROTOTYPES = YES;
				CLANG_WARN_SUSPICIOUS_MOVE = YES;
				CLANG_WARN_UNGUARDED_AVAILABILITY = YES_AGGRESSIVE;
				CLANG_WARN_UNREACHABLE_CODE = YES;
				CLANG_WARN__DUPLICATE_METHOD_MATCH = YES;
				COPY_PHASE_STRIP = NO;
				DEBUG_INFORMATION_FORMAT = dwarf;
				ENABLE_STRICT_OBJC_MSGSEND = YES;
				ENABLE_TESTABILITY = YES;
				GCC_C_LANGUAGE_STANDARD = gnu11;
				GCC_DYNAMIC_NO_PIC = NO;
				GCC_NO_COMMON_BLOCKS = YES;
				GCC_OPTIMIZATION_LEVEL = 0;
				GCC_PREPROCESSOR_DEFINITIONS = (
					"DEBUG=1",
					"$(inherited)",
				);
				GCC_WARN_64_TO_32_BIT_CONVERSION = YES;
				GCC_WARN_ABOUT_RETURN_TYPE = YES_ERROR;
				GCC_WARN_UNDECLARED_SELECTOR = YES;
				GCC_WARN_UNINITIALIZED_AUTOS = YES_AGGRESSIVE;
				GCC_WARN_UNUSED_FUNCTION = YES;
				GCC_WARN_UNUSED_VARIABLE = YES;
				IPHONEOS_DEPLOYMENT_TARGET = 14.4;
				MTL_ENABLE_DEBUG_INFO = INCLUDE_SOURCE;
				MTL_FAST_MATH = YES;
				ONLY_ACTIVE_ARCH = YES;
				SDKROOT = iphoneos;
				SWIFT_ACTIVE_COMPILATION_CONDITIONS = DEBUG;
				SWIFT_OPTIMIZATION_LEVEL = "-Onone";
			};
			name = Debug;
		};
		82597F7D25EB90AD00941013 /* Release */ = {
			isa = XCBuildConfiguration;
			buildSettings = {
				ALWAYS_SEARCH_USER_PATHS = NO;
				CLANG_ANALYZER_NONNULL = YES;
				CLANG_ANALYZER_NUMBER_OBJECT_CONVERSION = YES_AGGRESSIVE;
				CLANG_CXX_LANGUAGE_STANDARD = "gnu++14";
				CLANG_CXX_LIBRARY = "libc++";
				CLANG_ENABLE_MODULES = YES;
				CLANG_ENABLE_OBJC_ARC = YES;
				CLANG_ENABLE_OBJC_WEAK = YES;
				CLANG_WARN_BLOCK_CAPTURE_AUTORELEASING = YES;
				CLANG_WARN_BOOL_CONVERSION = YES;
				CLANG_WARN_COMMA = YES;
				CLANG_WARN_CONSTANT_CONVERSION = YES;
				CLANG_WARN_DEPRECATED_OBJC_IMPLEMENTATIONS = YES;
				CLANG_WARN_DIRECT_OBJC_ISA_USAGE = YES_ERROR;
				CLANG_WARN_DOCUMENTATION_COMMENTS = YES;
				CLANG_WARN_EMPTY_BODY = YES;
				CLANG_WARN_ENUM_CONVERSION = YES;
				CLANG_WARN_INFINITE_RECURSION = YES;
				CLANG_WARN_INT_CONVERSION = YES;
				CLANG_WARN_NON_LITERAL_NULL_CONVERSION = YES;
				CLANG_WARN_OBJC_IMPLICIT_RETAIN_SELF = YES;
				CLANG_WARN_OBJC_LITERAL_CONVERSION = YES;
				CLANG_WARN_OBJC_ROOT_CLASS = YES_ERROR;
				CLANG_WARN_QUOTED_INCLUDE_IN_FRAMEWORK_HEADER = YES;
				CLANG_WARN_RANGE_LOOP_ANALYSIS = YES;
				CLANG_WARN_STRICT_PROTOTYPES = YES;
				CLANG_WARN_SUSPICIOUS_MOVE = YES;
				CLANG_WARN_UNGUARDED_AVAILABILITY = YES_AGGRESSIVE;
				CLANG_WARN_UNREACHABLE_CODE = YES;
				CLANG_WARN__DUPLICATE_METHOD_MATCH = YES;
				COPY_PHASE_STRIP = NO;
				DEBUG_INFORMATION_FORMAT = "dwarf-with-dsym";
				ENABLE_NS_ASSERTIONS = NO;
				ENABLE_STRICT_OBJC_MSGSEND = YES;
				GCC_C_LANGUAGE_STANDARD = gnu11;
				GCC_NO_COMMON_BLOCKS = YES;
				GCC_WARN_64_TO_32_BIT_CONVERSION = YES;
				GCC_WARN_ABOUT_RETURN_TYPE = YES_ERROR;
				GCC_WARN_UNDECLARED_SELECTOR = YES;
				GCC_WARN_UNINITIALIZED_AUTOS = YES_AGGRESSIVE;
				GCC_WARN_UNUSED_FUNCTION = YES;
				GCC_WARN_UNUSED_VARIABLE = YES;
				IPHONEOS_DEPLOYMENT_TARGET = 14.4;
				MTL_ENABLE_DEBUG_INFO = NO;
				MTL_FAST_MATH = YES;
				SDKROOT = iphoneos;
				SWIFT_COMPILATION_MODE = wholemodule;
				SWIFT_OPTIMIZATION_LEVEL = "-O";
				VALIDATE_PRODUCT = YES;
			};
			name = Release;
		};
		82597F7F25EB90AD00941013 /* Debug */ = {
			isa = XCBuildConfiguration;
			buildSettings = {
				ASSETCATALOG_COMPILER_APPICON_NAME = AppIcon;
				ASSETCATALOG_COMPILER_GLOBAL_ACCENT_COLOR_NAME = AccentColor;
				CODE_SIGN_STYLE = Automatic;
				DEVELOPMENT_TEAM = 9E37GHKTK8;
				INFOPLIST_FILE = COVIDector/Info.plist;
				LD_RUNPATH_SEARCH_PATHS = (
					"$(inherited)",
					"@executable_path/Frameworks",
				);
				PRODUCT_BUNDLE_IDENTIFIER = com.kapilbalagopal.COVIDector;
				PRODUCT_NAME = "$(TARGET_NAME)";
				SWIFT_VERSION = 5.0;
				TARGETED_DEVICE_FAMILY = "1,2";
			};
			name = Debug;
		};
		82597F8025EB90AD00941013 /* Release */ = {
			isa = XCBuildConfiguration;
			buildSettings = {
				ASSETCATALOG_COMPILER_APPICON_NAME = AppIcon;
				ASSETCATALOG_COMPILER_GLOBAL_ACCENT_COLOR_NAME = AccentColor;
				CODE_SIGN_STYLE = Automatic;
				DEVELOPMENT_TEAM = 9E37GHKTK8;
				INFOPLIST_FILE = COVIDector/Info.plist;
				LD_RUNPATH_SEARCH_PATHS = (
					"$(inherited)",
					"@executable_path/Frameworks",
				);
				PRODUCT_BUNDLE_IDENTIFIER = com.kapilbalagopal.COVIDector;
				PRODUCT_NAME = "$(TARGET_NAME)";
				SWIFT_VERSION = 5.0;
				TARGETED_DEVICE_FAMILY = "1,2";
			};
			name = Release;
		};
/* End XCBuildConfiguration section */

/* Begin XCConfigurationList section */
		82597F6525EB90AC00941013 /* Build configuration list for PBXProject "COVIDector" */ = {
			isa = XCConfigurationList;
			buildConfigurations = (
				82597F7C25EB90AD00941013 /* Debug */,
				82597F7D25EB90AD00941013 /* Release */,
			);
			defaultConfigurationIsVisible = 0;
			defaultConfigurationName = Release;
		};
		82597F7E25EB90AD00941013 /* Build configuration list for PBXNativeTarget "COVIDector" */ = {
			isa = XCConfigurationList;
			buildConfigurations = (
				82597F7F25EB90AD00941013 /* Debug */,
				82597F8025EB90AD00941013 /* Release */,
			);
			defaultConfigurationIsVisible = 0;
			defaultConfigurationName = Release;
		};
/* End XCConfigurationList section */
	};
	rootObject = 82597F6225EB90AC00941013 /* Project object */;
}
